{
  "name": "tarea1",
  "version": "1.0.0",
  "lockfileVersion": 3,
  "requires": true,
  "packages": {
    "": {
      "name": "tarea1",
      "version": "1.0.0",
      "license": "ISC",
      "dependencies": {
        "colors": "^1.4.0",
        "cryptr": "^6.2.0"
      }
    },
    "node_modules/colors": {
      "version": "1.4.0",
      "resolved": "https://registry.npmjs.org/colors/-/colors-1.4.0.tgz",
      "integrity": "sha512-a+UqTh4kgZg/SlGvfbzDHpgRu7AAQOmmqRHJnxhRZICKFUT91brVhNNt58CMWU9PsBbv3PDCZUHbVxuDiH2mtA==",
      "engines": {
        "node": ">=0.1.90"
      }
    },
    "node_modules/cryptr": {
      "version": "6.2.0",
      "resolved": "https://registry.npmjs.org/cryptr/-/cryptr-6.2.0.tgz",
      "integrity": "sha512-jYi8SxvOFebTT7EYOABiPpHKY6lwWaP9IVcvT/aIVJUVoFdzTgi0ySPCL78q1ig8w2kwfXFCZACXoCXaye57aw=="
    }
  }
}
